// !$*UTF8*$!
{
	archiveVersion = 1;
	classes = {
	};
	objectVersion = 46;
	objects = {

/* Begin PBXBuildFile section */
		9542F0861EB58A670085D392 /* main.m in Sources */ = {isa = PBXBuildFile; fileRef = 9542F0851EB58A670085D392 /* main.m */; };
		9542F0891EB58A670085D392 /* AppDelegate.m in Sources */ = {isa = PBXBuildFile; fileRef = 9542F0881EB58A670085D392 /* AppDelegate.m */; };
		9542F08F1EB58A670085D392 /* Main.storyboard in Resources */ = {isa = PBXBuildFile; fileRef = 9542F08D1EB58A670085D392 /* Main.storyboard */; };
		9542F0911EB58A670085D392 /* Assets.xcassets in Resources */ = {isa = PBXBuildFile; fileRef = 9542F0901EB58A670085D392 /* Assets.xcassets */; };
		9542F0CE1EB58C730085D392 /* bb@2x.jpg in Resources */ = {isa = PBXBuildFile; fileRef = 9542F0A31EB58C720085D392 /* bb@2x.jpg */; };
		9542F0CF1EB58C730085D392 /* bb_icon@2x.jpg in Resources */ = {isa = PBXBuildFile; fileRef = 9542F0A41EB58C720085D392 /* bb_icon@2x.jpg */; };
		9542F0D01EB58C730085D392 /* dzq@2x.jpg in Resources */ = {isa = PBXBuildFile; fileRef = 9542F0A51EB58C720085D392 /* dzq@2x.jpg */; };
		9542F0D11EB58C730085D392 /* dzq_icon@2x.jpg in Resources */ = {isa = PBXBuildFile; fileRef = 9542F0A61EB58C720085D392 /* dzq_icon@2x.jpg */; };
		9542F0D21EB58C730085D392 /* eason@2x.jpg in Resources */ = {isa = PBXBuildFile; fileRef = 9542F0A71EB58C720085D392 /* eason@2x.jpg */; };
		9542F0D31EB58C730085D392 /* eason_icon@2x.jpg in Resources */ = {isa = PBXBuildFile; fileRef = 9542F0A81EB58C720085D392 /* eason_icon@2x.jpg */; };
		9542F0D41EB58C730085D392 /* jay@2x.jpg in Resources */ = {isa = PBXBuildFile; fileRef = 9542F0A91EB58C720085D392 /* jay@2x.jpg */; };
		9542F0D51EB58C730085D392 /* jay_icon@2x.png in Resources */ = {isa = PBXBuildFile; fileRef = 9542F0AA1EB58C720085D392 /* jay_icon@2x.png */; };
		9542F0D61EB58C730085D392 /* jj@2x.jpg in Resources */ = {isa = PBXBuildFile; fileRef = 9542F0AB1EB58C720085D392 /* jj@2x.jpg */; };
		9542F0D71EB58C730085D392 /* jj_icon@2x.png in Resources */ = {isa = PBXBuildFile; fileRef = 9542F0AC1EB58C720085D392 /* jj_icon@2x.png */; };
		9542F0D81EB58C730085D392 /* kzxd@2x.jpg in Resources */ = {isa = PBXBuildFile; fileRef = 9542F0AD1EB58C720085D392 /* kzxd@2x.jpg */; };
		9542F0D91EB58C730085D392 /* kzxd_icon@2x.jpg in Resources */ = {isa = PBXBuildFile; fileRef = 9542F0AE1EB58C720085D392 /* kzxd_icon@2x.jpg */; };
		9542F0DA1EB58C730085D392 /* lkq@2x.jpg in Resources */ = {isa = PBXBuildFile; fileRef = 9542F0AF1EB58C720085D392 /* lkq@2x.jpg */; };
		9542F0DB1EB58C730085D392 /* lkq_icon@2x.jpg in Resources */ = {isa = PBXBuildFile; fileRef = 9542F0B01EB58C720085D392 /* lkq_icon@2x.jpg */; };
		9542F0DC1EB58C730085D392 /* nanquan@2x.jpg in Resources */ = {isa = PBXBuildFile; fileRef = 9542F0B11EB58C720085D392 /* nanquan@2x.jpg */; };
		9542F0DD1EB58C730085D392 /* nanquan_icon@2x.jpg in Resources */ = {isa = PBXBuildFile; fileRef = 9542F0B21EB58C720085D392 /* nanquan_icon@2x.jpg */; };
		9542F0DE1EB58C730085D392 /* wf@2x.jpg in Resources */ = {isa = PBXBuildFile; fileRef = 9542F0B31EB58C720085D392 /* wf@2x.jpg */; };
		9542F0DF1EB58C730085D392 /* wf_icon@2x.jpg in Resources */ = {isa = PBXBuildFile; fileRef = 9542F0B41EB58C730085D392 /* wf_icon@2x.jpg */; };
		9542F0E01EB58C730085D392 /* zxy@2x.jpg in Resources */ = {isa = PBXBuildFile; fileRef = 9542F0B51EB58C730085D392 /* zxy@2x.jpg */; };
		9542F0E11EB58C730085D392 /* zxy_icon@2x.jpg in Resources */ = {isa = PBXBuildFile; fileRef = 9542F0B61EB58C730085D392 /* zxy_icon@2x.jpg */; };
		9542F0E21EB58C730085D392 /* 10405520.lrc in Resources */ = {isa = PBXBuildFile; fileRef = 9542F0B81EB58C730085D392 /* 10405520.lrc */; };
		9542F0E31EB58C730085D392 /* 10736444.lrc in Resources */ = {isa = PBXBuildFile; fileRef = 9542F0B91EB58C730085D392 /* 10736444.lrc */; };
		9542F0E41EB58C730085D392 /* 120125029.lrc in Resources */ = {isa = PBXBuildFile; fileRef = 9542F0BA1EB58C730085D392 /* 120125029.lrc */; };
		9542F0E51EB58C730085D392 /* 12309111.lrc in Resources */ = {isa = PBXBuildFile; fileRef = 9542F0BB1EB58C730085D392 /* 12309111.lrc */; };
		9542F0E61EB58C730085D392 /* 14945107.lrc in Resources */ = {isa = PBXBuildFile; fileRef = 9542F0BC1EB58C730085D392 /* 14945107.lrc */; };
		9542F0E71EB58C730085D392 /* 235319.lrc in Resources */ = {isa = PBXBuildFile; fileRef = 9542F0BD1EB58C730085D392 /* 235319.lrc */; };
		9542F0E81EB58C730085D392 /* 255319.lrc in Resources */ = {isa = PBXBuildFile; fileRef = 9542F0BE1EB58C730085D392 /* 255319.lrc */; };
		9542F0E91EB58C730085D392 /* 309769.lrc in Resources */ = {isa = PBXBuildFile; fileRef = 9542F0BF1EB58C730085D392 /* 309769.lrc */; };
		9542F0EA1EB58C730085D392 /* 339744.lrc in Resources */ = {isa = PBXBuildFile; fileRef = 9542F0C01EB58C730085D392 /* 339744.lrc */; };
		9542F0EB1EB58C730085D392 /* 123355665.lrc in Resources */ = {isa = PBXBuildFile; fileRef = 9542F0C11EB58C730085D392 /* 123355665.lrc */; };
		9542F0EC1EB58C730085D392 /* 10405520.mp3 in Resources */ = {isa = PBXBuildFile; fileRef = 9542F0C31EB58C730085D392 /* 10405520.mp3 */; };
		9542F0ED1EB58C730085D392 /* 10736444.mp3 in Resources */ = {isa = PBXBuildFile; fileRef = 9542F0C41EB58C730085D392 /* 10736444.mp3 */; };
		9542F0EE1EB58C730085D392 /* 1201111234.mp3 in Resources */ = {isa = PBXBuildFile; fileRef = 9542F0C51EB58C730085D392 /* 1201111234.mp3 */; };
		9542F0EF1EB58C730085D392 /* 120125029.mp3 in Resources */ = {isa = PBXBuildFile; fileRef = 9542F0C61EB58C730085D392 /* 120125029.mp3 */; };
		9542F0F01EB58C730085D392 /* 12309111.mp3 in Resources */ = {isa = PBXBuildFile; fileRef = 9542F0C71EB58C730085D392 /* 12309111.mp3 */; };
		9542F0F11EB58C730085D392 /* 14945107.mp3 in Resources */ = {isa = PBXBuildFile; fileRef = 9542F0C81EB58C730085D392 /* 14945107.mp3 */; };
		9542F0F21EB58C730085D392 /* 235319.mp3 in Resources */ = {isa = PBXBuildFile; fileRef = 9542F0C91EB58C730085D392 /* 235319.mp3 */; };
		9542F0F31EB58C730085D392 /* 255319.mp3 in Resources */ = {isa = PBXBuildFile; fileRef = 9542F0CA1EB58C730085D392 /* 255319.mp3 */; };
		9542F0F41EB58C730085D392 /* 309769.mp3 in Resources */ = {isa = PBXBuildFile; fileRef = 9542F0CB1EB58C730085D392 /* 309769.mp3 */; };
		9542F0F51EB58C730085D392 /* 339744.mp3 in Resources */ = {isa = PBXBuildFile; fileRef = 9542F0CC1EB58C730085D392 /* 339744.mp3 */; };
		9542F0F61EB58C730085D392 /* Musics.plist in Resources */ = {isa = PBXBuildFile; fileRef = 9542F0CD1EB58C730085D392 /* Musics.plist */; };
/* End PBXBuildFile section */

/* Begin PBXFileReference section */
		9542F0811EB58A670085D392 /* QQMusic.app */ = {isa = PBXFileReference; explicitFileType = wrapper.application; includeInIndex = 0; path = QQMusic.app; sourceTree = BUILT_PRODUCTS_DIR; };
		9542F0851EB58A670085D392 /* main.m */ = {isa = PBXFileReference; lastKnownFileType = sourcecode.c.objc; path = main.m; sourceTree = "<group>"; };
		9542F0871EB58A670085D392 /* AppDelegate.h */ = {isa = PBXFileReference; lastKnownFileType = sourcecode.c.h; path = AppDelegate.h; sourceTree = "<group>"; };
		9542F0881EB58A670085D392 /* AppDelegate.m */ = {isa = PBXFileReference; lastKnownFileType = sourcecode.c.objc; path = AppDelegate.m; sourceTree = "<group>"; };
		9542F08E1EB58A670085D392 /* Base */ = {isa = PBXFileReference; lastKnownFileType = file.storyboard; name = Base; path = Base.lproj/Main.storyboard; sourceTree = "<group>"; };
		9542F0901EB58A670085D392 /* Assets.xcassets */ = {isa = PBXFileReference; lastKnownFileType = folder.assetcatalog; path = Assets.xcassets; sourceTree = "<group>"; };
		9542F0951EB58A670085D392 /* Info.plist */ = {isa = PBXFileReference; lastKnownFileType = text.plist.xml; path = Info.plist; sourceTree = "<group>"; };
		9542F0A31EB58C720085D392 /* bb@2x.jpg */ = {isa = PBXFileReference; lastKnownFileType = image.jpeg; path = "bb@2x.jpg"; sourceTree = "<group>"; };
		9542F0A41EB58C720085D392 /* bb_icon@2x.jpg */ = {isa = PBXFileReference; lastKnownFileType = image.jpeg; path = "bb_icon@2x.jpg"; sourceTree = "<group>"; };
		9542F0A51EB58C720085D392 /* dzq@2x.jpg */ = {isa = PBXFileReference; lastKnownFileType = image.jpeg; path = "dzq@2x.jpg"; sourceTree = "<group>"; };
		9542F0A61EB58C720085D392 /* dzq_icon@2x.jpg */ = {isa = PBXFileReference; lastKnownFileType = image.jpeg; path = "dzq_icon@2x.jpg"; sourceTree = "<group>"; };
		9542F0A71EB58C720085D392 /* eason@2x.jpg */ = {isa = PBXFileReference; lastKnownFileType = image.jpeg; path = "eason@2x.jpg"; sourceTree = "<group>"; };
		9542F0A81EB58C720085D392 /* eason_icon@2x.jpg */ = {isa = PBXFileReference; lastKnownFileType = image.jpeg; path = "eason_icon@2x.jpg"; sourceTree = "<group>"; };
		9542F0A91EB58C720085D392 /* jay@2x.jpg */ = {isa = PBXFileReference; lastKnownFileType = image.jpeg; path = "jay@2x.jpg"; sourceTree = "<group>"; };
		9542F0AA1EB58C720085D392 /* jay_icon@2x.png */ = {isa = PBXFileReference; lastKnownFileType = image.png; path = "jay_icon@2x.png"; sourceTree = "<group>"; };
		9542F0AB1EB58C720085D392 /* jj@2x.jpg */ = {isa = PBXFileReference; lastKnownFileType = image.jpeg; path = "jj@2x.jpg"; sourceTree = "<group>"; };
		9542F0AC1EB58C720085D392 /* jj_icon@2x.png */ = {isa = PBXFileReference; lastKnownFileType = image.png; path = "jj_icon@2x.png"; sourceTree = "<group>"; };
		9542F0AD1EB58C720085D392 /* kzxd@2x.jpg */ = {isa = PBXFileReference; lastKnownFileType = image.jpeg; path = "kzxd@2x.jpg"; sourceTree = "<group>"; };
		9542F0AE1EB58C720085D392 /* kzxd_icon@2x.jpg */ = {isa = PBXFileReference; lastKnownFileType = image.jpeg; path = "kzxd_icon@2x.jpg"; sourceTree = "<group>"; };
		9542F0AF1EB58C720085D392 /* lkq@2x.jpg */ = {isa = PBXFileReference; lastKnownFileType = image.jpeg; path = "lkq@2x.jpg"; sourceTree = "<group>"; };
		9542F0B01EB58C720085D392 /* lkq_icon@2x.jpg */ = {isa = PBXFileReference; lastKnownFileType = image.jpeg; path = "lkq_icon@2x.jpg"; sourceTree = "<group>"; };
		9542F0B11EB58C720085D392 /* nanquan@2x.jpg */ = {isa = PBXFileReference; lastKnownFileType = image.jpeg; path = "nanquan@2x.jpg"; sourceTree = "<group>"; };
		9542F0B21EB58C720085D392 /* nanquan_icon@2x.jpg */ = {isa = PBXFileReference; lastKnownFileType = image.jpeg; path = "nanquan_icon@2x.jpg"; sourceTree = "<group>"; };
		9542F0B31EB58C720085D392 /* wf@2x.jpg */ = {isa = PBXFileReference; lastKnownFileType = image.jpeg; path = "wf@2x.jpg"; sourceTree = "<group>"; };
		9542F0B41EB58C730085D392 /* wf_icon@2x.jpg */ = {isa = PBXFileReference; lastKnownFileType = image.jpeg; path = "wf_icon@2x.jpg"; sourceTree = "<group>"; };
		9542F0B51EB58C730085D392 /* zxy@2x.jpg */ = {isa = PBXFileReference; lastKnownFileType = image.jpeg; path = "zxy@2x.jpg"; sourceTree = "<group>"; };
		9542F0B61EB58C730085D392 /* zxy_icon@2x.jpg */ = {isa = PBXFileReference; lastKnownFileType = image.jpeg; path = "zxy_icon@2x.jpg"; sourceTree = "<group>"; };
		9542F0B81EB58C730085D392 /* 10405520.lrc */ = {isa = PBXFileReference; fileEncoding = 4; lastKnownFileType = text; path = 10405520.lrc; sourceTree = "<group>"; };
		9542F0B91EB58C730085D392 /* 10736444.lrc */ = {isa = PBXFileReference; fileEncoding = 4; lastKnownFileType = text; path = 10736444.lrc; sourceTree = "<group>"; };
		9542F0BA1EB58C730085D392 /* 120125029.lrc */ = {isa = PBXFileReference; fileEncoding = 4; lastKnownFileType = text; path = 120125029.lrc; sourceTree = "<group>"; };
		9542F0BB1EB58C730085D392 /* 12309111.lrc */ = {isa = PBXFileReference; fileEncoding = 4; lastKnownFileType = text; path = 12309111.lrc; sourceTree = "<group>"; };
		9542F0BC1EB58C730085D392 /* 14945107.lrc */ = {isa = PBXFileReference; fileEncoding = 4; lastKnownFileType = text; path = 14945107.lrc; sourceTree = "<group>"; };
		9542F0BD1EB58C730085D392 /* 235319.lrc */ = {isa = PBXFileReference; fileEncoding = 4; lastKnownFileType = text; path = 235319.lrc; sourceTree = "<group>"; };
		9542F0BE1EB58C730085D392 /* 255319.lrc */ = {isa = PBXFileReference; fileEncoding = 4; lastKnownFileType = text; path = 255319.lrc; sourceTree = "<group>"; };
		9542F0BF1EB58C730085D392 /* 309769.lrc */ = {isa = PBXFileReference; fileEncoding = 4; lastKnownFileType = text; path = 309769.lrc; sourceTree = "<group>"; };
		9542F0C01EB58C730085D392 /* 339744.lrc */ = {isa = PBXFileReference; fileEncoding = 4; lastKnownFileType = text; path = 339744.lrc; sourceTree = "<group>"; };
		9542F0C11EB58C730085D392 /* 123355665.lrc */ = {isa = PBXFileReference; fileEncoding = 4; lastKnownFileType = text; path = 123355665.lrc; sourceTree = "<group>"; };
		9542F0C31EB58C730085D392 /* 10405520.mp3 */ = {isa = PBXFileReference; lastKnownFileType = audio.mp3; path = 10405520.mp3; sourceTree = "<group>"; };
		9542F0C41EB58C730085D392 /* 10736444.mp3 */ = {isa = PBXFileReference; lastKnownFileType = audio.mp3; path = 10736444.mp3; sourceTree = "<group>"; };
		9542F0C51EB58C730085D392 /* 1201111234.mp3 */ = {isa = PBXFileReference; lastKnownFileType = audio.mp3; path = 1201111234.mp3; sourceTree = "<group>"; };
		9542F0C61EB58C730085D392 /* 120125029.mp3 */ = {isa = PBXFileReference; lastKnownFileType = audio.mp3; path = 120125029.mp3; sourceTree = "<group>"; };
		9542F0C71EB58C730085D392 /* 12309111.mp3 */ = {isa = PBXFileReference; lastKnownFileType = audio.mp3; path = 12309111.mp3; sourceTree = "<group>"; };
		9542F0C81EB58C730085D392 /* 14945107.mp3 */ = {isa = PBXFileReference; lastKnownFileType = audio.mp3; path = 14945107.mp3; sourceTree = "<group>"; };
		9542F0C91EB58C730085D392 /* 235319.mp3 */ = {isa = PBXFileReference; lastKnownFileType = audio.mp3; path = 235319.mp3; sourceTree = "<group>"; };
		9542F0CA1EB58C730085D392 /* 255319.mp3 */ = {isa = PBXFileReference; lastKnownFileType = audio.mp3; path = 255319.mp3; sourceTree = "<group>"; };
		9542F0CB1EB58C730085D392 /* 309769.mp3 */ = {isa = PBXFileReference; lastKnownFileType = audio.mp3; path = 309769.mp3; sourceTree = "<group>"; };
		9542F0CC1EB58C730085D392 /* 339744.mp3 */ = {isa = PBXFileReference; lastKnownFileType = audio.mp3; path = 339744.mp3; sourceTree = "<group>"; };
		9542F0CD1EB58C730085D392 /* Musics.plist */ = {isa = PBXFileReference; fileEncoding = 4; lastKnownFileType = text.plist.xml; path = Musics.plist; sourceTree = "<group>"; };
/* End PBXFileReference section */

/* Begin PBXFrameworksBuildPhase section */
		9542F07E1EB58A670085D392 /* Frameworks */ = {
			isa = PBXFrameworksBuildPhase;
			buildActionMask = 2147483647;
			files = (
			);
			runOnlyForDeploymentPostprocessing = 0;
		};
/* End PBXFrameworksBuildPhase section */

/* Begin PBXGroup section */
		9542F0781EB58A670085D392 = {
			isa = PBXGroup;
			children = (
				9542F0831EB58A670085D392 /* QQMusic */,
				9542F0821EB58A670085D392 /* Products */,
			);
			sourceTree = "<group>";
		};
		9542F0821EB58A670085D392 /* Products */ = {
			isa = PBXGroup;
			children = (
				9542F0811EB58A670085D392 /* QQMusic.app */,
			);
			name = Products;
			sourceTree = "<group>";
		};
		9542F0831EB58A670085D392 /* QQMusic */ = {
			isa = PBXGroup;
			children = (
				9542F09B1EB58BD70085D392 /* Classes */,
				9542F0871EB58A670085D392 /* AppDelegate.h */,
				9542F0881EB58A670085D392 /* AppDelegate.m */,
				9542F0841EB58A670085D392 /* Supporting Files */,
			);
			path = QQMusic;
			sourceTree = "<group>";
		};
		9542F0841EB58A670085D392 /* Supporting Files */ = {
			isa = PBXGroup;
			children = (
				9542F0A11EB58C720085D392 /* Resources */,
				9542F08D1EB58A670085D392 /* Main.storyboard */,
				9542F0901EB58A670085D392 /* Assets.xcassets */,
				9542F0951EB58A670085D392 /* Info.plist */,
				9542F0851EB58A670085D392 /* main.m */,
			);
			name = "Supporting Files";
			sourceTree = "<group>";
		};
		9542F09B1EB58BD70085D392 /* Classes */ = {
			isa = PBXGroup;
			children = (
				9542F09C1EB58BD70085D392 /* Home */,
				9542F0A01EB58BD70085D392 /* Other */,
			);
			path = Classes;
			sourceTree = "<group>";
		};
		9542F09C1EB58BD70085D392 /* Home */ = {
			isa = PBXGroup;
			children = (
				9542F09D1EB58BD70085D392 /* Controller */,
				9542F09E1EB58BD70085D392 /* Model */,
				9542F09F1EB58BD70085D392 /* View */,
			);
			path = Home;
			sourceTree = "<group>";
		};
		9542F09D1EB58BD70085D392 /* Controller */ = {
			isa = PBXGroup;
			children = (
			);
			path = Controller;
			sourceTree = "<group>";
		};
		9542F09E1EB58BD70085D392 /* Model */ = {
			isa = PBXGroup;
			children = (
			);
			path = Model;
			sourceTree = "<group>";
		};
		9542F09F1EB58BD70085D392 /* View */ = {
			isa = PBXGroup;
			children = (
			);
			path = View;
			sourceTree = "<group>";
		};
		9542F0A01EB58BD70085D392 /* Other */ = {
			isa = PBXGroup;
			children = (
			);
			path = Other;
			sourceTree = "<group>";
		};
		9542F0A11EB58C720085D392 /* Resources */ = {
			isa = PBXGroup;
			children = (
				9542F0A21EB58C720085D392 /* Images */,
				9542F0B71EB58C730085D392 /* Lrcs */,
				9542F0C21EB58C730085D392 /* MP3s */,
				9542F0CD1EB58C730085D392 /* Musics.plist */,
			);
			path = Resources;
			sourceTree = "<group>";
		};
		9542F0A21EB58C720085D392 /* Images */ = {
			isa = PBXGroup;
			children = (
				9542F0A31EB58C720085D392 /* bb@2x.jpg */,
				9542F0A41EB58C720085D392 /* bb_icon@2x.jpg */,
				9542F0A51EB58C720085D392 /* dzq@2x.jpg */,
				9542F0A61EB58C720085D392 /* dzq_icon@2x.jpg */,
				9542F0A71EB58C720085D392 /* eason@2x.jpg */,
				9542F0A81EB58C720085D392 /* eason_icon@2x.jpg */,
				9542F0A91EB58C720085D392 /* jay@2x.jpg */,
				9542F0AA1EB58C720085D392 /* jay_icon@2x.png */,
				9542F0AB1EB58C720085D392 /* jj@2x.jpg */,
				9542F0AC1EB58C720085D392 /* jj_icon@2x.png */,
				9542F0AD1EB58C720085D392 /* kzxd@2x.jpg */,
				9542F0AE1EB58C720085D392 /* kzxd_icon@2x.jpg */,
				9542F0AF1EB58C720085D392 /* lkq@2x.jpg */,
				9542F0B01EB58C720085D392 /* lkq_icon@2x.jpg */,
				9542F0B11EB58C720085D392 /* nanquan@2x.jpg */,
				9542F0B21EB58C720085D392 /* nanquan_icon@2x.jpg */,
				9542F0B31EB58C720085D392 /* wf@2x.jpg */,
				9542F0B41EB58C730085D392 /* wf_icon@2x.jpg */,
				9542F0B51EB58C730085D392 /* zxy@2x.jpg */,
				9542F0B61EB58C730085D392 /* zxy_icon@2x.jpg */,
			);
			path = Images;
			sourceTree = "<group>";
		};
		9542F0B71EB58C730085D392 /* Lrcs */ = {
			isa = PBXGroup;
			children = (
				9542F0B81EB58C730085D392 /* 10405520.lrc */,
				9542F0B91EB58C730085D392 /* 10736444.lrc */,
				9542F0BA1EB58C730085D392 /* 120125029.lrc */,
				9542F0BB1EB58C730085D392 /* 12309111.lrc */,
				9542F0BC1EB58C730085D392 /* 14945107.lrc */,
				9542F0BD1EB58C730085D392 /* 235319.lrc */,
				9542F0BE1EB58C730085D392 /* 255319.lrc */,
				9542F0BF1EB58C730085D392 /* 309769.lrc */,
				9542F0C01EB58C730085D392 /* 339744.lrc */,
				9542F0C11EB58C730085D392 /* 123355665.lrc */,
			);
			path = Lrcs;
			sourceTree = "<group>";
		};
		9542F0C21EB58C730085D392 /* MP3s */ = {
			isa = PBXGroup;
			children = (
				9542F0C31EB58C730085D392 /* 10405520.mp3 */,
				9542F0C41EB58C730085D392 /* 10736444.mp3 */,
				9542F0C51EB58C730085D392 /* 1201111234.mp3 */,
				9542F0C61EB58C730085D392 /* 120125029.mp3 */,
				9542F0C71EB58C730085D392 /* 12309111.mp3 */,
				9542F0C81EB58C730085D392 /* 14945107.mp3 */,
				9542F0C91EB58C730085D392 /* 235319.mp3 */,
				9542F0CA1EB58C730085D392 /* 255319.mp3 */,
				9542F0CB1EB58C730085D392 /* 309769.mp3 */,
				9542F0CC1EB58C730085D392 /* 339744.mp3 */,
			);
			path = MP3s;
			sourceTree = "<group>";
		};
/* End PBXGroup section */

/* Begin PBXNativeTarget section */
		9542F0801EB58A670085D392 /* QQMusic */ = {
			isa = PBXNativeTarget;
			buildConfigurationList = 9542F0981EB58A670085D392 /* Build configuration list for PBXNativeTarget "QQMusic" */;
			buildPhases = (
				9542F07D1EB58A670085D392 /* Sources */,
				9542F07E1EB58A670085D392 /* Frameworks */,
				9542F07F1EB58A670085D392 /* Resources */,
			);
			buildRules = (
			);
			dependencies = (
			);
			name = QQMusic;
			productName = QQMusic;
			productReference = 9542F0811EB58A670085D392 /* QQMusic.app */;
			productType = "com.apple.product-type.application";
		};
/* End PBXNativeTarget section */

/* Begin PBXProject section */
		9542F0791EB58A670085D392 /* Project object */ = {
			isa = PBXProject;
			attributes = {
				CLASSPREFIX = LC;
				LastUpgradeCheck = 0830;
				ORGANIZATIONNAME = "Liu-Mac";
				TargetAttributes = {
					9542F0801EB58A670085D392 = {
						CreatedOnToolsVersion = 8.3.1;
						DevelopmentTeam = X65GN27YEQ;
						ProvisioningStyle = Automatic;
					};
				};
			};
			buildConfigurationList = 9542F07C1EB58A670085D392 /* Build configuration list for PBXProject "QQMusic" */;
			compatibilityVersion = "Xcode 3.2";
			developmentRegion = English;
			hasScannedForEncodings = 0;
			knownRegions = (
				en,
				Base,
			);
			mainGroup = 9542F0781EB58A670085D392;
			productRefGroup = 9542F0821EB58A670085D392 /* Products */;
			projectDirPath = "";
			projectRoot = "";
			targets = (
				9542F0801EB58A670085D392 /* QQMusic */,
			);
		};
/* End PBXProject section */

/* Begin PBXResourcesBuildPhase section */
		9542F07F1EB58A670085D392 /* Resources */ = {
			isa = PBXResourcesBuildPhase;
			buildActionMask = 2147483647;
			files = (
				9542F0F41EB58C730085D392 /* 309769.mp3 in Resources */,
				9542F0E81EB58C730085D392 /* 255319.lrc in Resources */,
				9542F0F11EB58C730085D392 /* 14945107.mp3 in Resources */,
				9542F0D81EB58C730085D392 /* kzxd@2x.jpg in Resources */,
				9542F0D31EB58C730085D392 /* eason_icon@2x.jpg in Resources */,
				9542F0CE1EB58C730085D392 /* bb@2x.jpg in Resources */,
				9542F0D51EB58C730085D392 /* jay_icon@2x.png in Resources */,
				9542F0D91EB58C730085D392 /* kzxd_icon@2x.jpg in Resources */,
				9542F0F51EB58C730085D392 /* 339744.mp3 in Resources */,
				9542F0E61EB58C730085D392 /* 14945107.lrc in Resources */,
				9542F0EB1EB58C730085D392 /* 123355665.lrc in Resources */,
				9542F0D11EB58C730085D392 /* dzq_icon@2x.jpg in Resources */,
				9542F0EF1EB58C730085D392 /* 120125029.mp3 in Resources */,
				9542F0911EB58A670085D392 /* Assets.xcassets in Resources */,
				9542F0E21EB58C730085D392 /* 10405520.lrc in Resources */,
				9542F0EE1EB58C730085D392 /* 1201111234.mp3 in Resources */,
				9542F0DA1EB58C730085D392 /* lkq@2x.jpg in Resources */,
				9542F0DB1EB58C730085D392 /* lkq_icon@2x.jpg in Resources */,
				9542F08F1EB58A670085D392 /* Main.storyboard in Resources */,
				9542F0CF1EB58C730085D392 /* bb_icon@2x.jpg in Resources */,
				9542F0E01EB58C730085D392 /* zxy@2x.jpg in Resources */,
				9542F0EC1EB58C730085D392 /* 10405520.mp3 in Resources */,
				9542F0E41EB58C730085D392 /* 120125029.lrc in Resources */,
				9542F0D71EB58C730085D392 /* jj_icon@2x.png in Resources */,
				9542F0E71EB58C730085D392 /* 235319.lrc in Resources */,
				9542F0DF1EB58C730085D392 /* wf_icon@2x.jpg in Resources */,
				9542F0F61EB58C730085D392 /* Musics.plist in Resources */,
				9542F0D21EB58C730085D392 /* eason@2x.jpg in Resources */,
				9542F0F31EB58C730085D392 /* 255319.mp3 in Resources */,
				9542F0E51EB58C730085D392 /* 12309111.lrc in Resources */,
				9542F0F01EB58C730085D392 /* 12309111.mp3 in Resources */,
				9542F0EA1EB58C730085D392 /* 339744.lrc in Resources */,
				9542F0E91EB58C730085D392 /* 309769.lrc in Resources */,
				9542F0E31EB58C730085D392 /* 10736444.lrc in Resources */,
				9542F0F21EB58C730085D392 /* 235319.mp3 in Resources */,
				9542F0DE1EB58C730085D392 /* wf@2x.jpg in Resources */,
				9542F0D41EB58C730085D392 /* jay@2x.jpg in Resources */,
				9542F0DD1EB58C730085D392 /* nanquan_icon@2x.jpg in Resources */,
				9542F0DC1EB58C730085D392 /* nanquan@2x.jpg in Resources */,
				9542F0E11EB58C730085D392 /* zxy_icon@2x.jpg in Resources */,
				9542F0ED1EB58C730085D392 /* 10736444.mp3 in Resources */,
				9542F0D01EB58C730085D392 /* dzq@2x.jpg in Resources */,
				9542F0D61EB58C730085D392 /* jj@2x.jpg in Resources */,
			);
			runOnlyForDeploymentPostprocessing = 0;
		};
/* End PBXResourcesBuildPhase section */

/* Begin PBXSourcesBuildPhase section */
		9542F07D1EB58A670085D392 /* Sources */ = {
			isa = PBXSourcesBuildPhase;
			buildActionMask = 2147483647;
			files = (
				9542F0891EB58A670085D392 /* AppDelegate.m in Sources */,
				9542F0861EB58A670085D392 /* main.m in Sources */,
			);
			runOnlyForDeploymentPostprocessing = 0;
		};
/* End PBXSourcesBuildPhase section */

/* Begin PBXVariantGroup section */
		9542F08D1EB58A670085D392 /* Main.storyboard */ = {
			isa = PBXVariantGroup;
			children = (
				9542F08E1EB58A670085D392 /* Base */,
			);
			name = Main.storyboard;
			sourceTree = "<group>";
		};
/* End PBXVariantGroup section */

/* Begin XCBuildConfiguration section */
		9542F0961EB58A670085D392 /* Debug */ = {
			isa = XCBuildConfiguration;
			buildSettings = {
				ALWAYS_SEARCH_USER_PATHS = NO;
				CLANG_ANALYZER_NONNULL = YES;
				CLANG_ANALYZER_NUMBER_OBJECT_CONVERSION = YES_AGGRESSIVE;
				CLANG_CXX_LANGUAGE_STANDARD = "gnu++0x";
				CLANG_CXX_LIBRARY = "libc++";
				CLANG_ENABLE_MODULES = YES;
				CLANG_ENABLE_OBJC_ARC = YES;
				CLANG_WARN_BOOL_CONVERSION = YES;
				CLANG_WARN_CONSTANT_CONVERSION = YES;
				CLANG_WARN_DIRECT_OBJC_ISA_USAGE = YES_ERROR;
				CLANG_WARN_DOCUMENTATION_COMMENTS = YES;
				CLANG_WARN_EMPTY_BODY = YES;
				CLANG_WARN_ENUM_CONVERSION = YES;
				CLANG_WARN_INFINITE_RECURSION = YES;
				CLANG_WARN_INT_CONVERSION = YES;
				CLANG_WARN_OBJC_ROOT_CLASS = YES_ERROR;
				CLANG_WARN_SUSPICIOUS_MOVE = YES;
				CLANG_WARN_UNREACHABLE_CODE = YES;
				CLANG_WARN__DUPLICATE_METHOD_MATCH = YES;
				"CODE_SIGN_IDENTITY[sdk=iphoneos*]" = "iPhone Developer";
				COPY_PHASE_STRIP = NO;
				DEBUG_INFORMATION_FORMAT = dwarf;
				ENABLE_STRICT_OBJC_MSGSEND = YES;
				ENABLE_TESTABILITY = YES;
				GCC_C_LANGUAGE_STANDARD = gnu99;
				GCC_DYNAMIC_NO_PIC = NO;
				GCC_NO_COMMON_BLOCKS = YES;
				GCC_OPTIMIZATION_LEVEL = 0;
				GCC_PREPROCESSOR_DEFINITIONS = (
					"DEBUG=1",
					"$(inherited)",
				);
				GCC_WARN_64_TO_32_BIT_CONVERSION = YES;
				GCC_WARN_ABOUT_RETURN_TYPE = YES_ERROR;
				GCC_WARN_UNDECLARED_SELECTOR = YES;
				GCC_WARN_UNINITIALIZED_AUTOS = YES_AGGRESSIVE;
				GCC_WARN_UNUSED_FUNCTION = YES;
				GCC_WARN_UNUSED_VARIABLE = YES;
				IPHONEOS_DEPLOYMENT_TARGET = 10.3;
				MTL_ENABLE_DEBUG_INFO = YES;
				ONLY_ACTIVE_ARCH = YES;
				SDKROOT = iphoneos;
			};
			name = Debug;
		};
		9542F0971EB58A670085D392 /* Release */ = {
			isa = XCBuildConfiguration;
			buildSettings = {
				ALWAYS_SEARCH_USER_PATHS = NO;
				CLANG_ANALYZER_NONNULL = YES;
				CLANG_ANALYZER_NUMBER_OBJECT_CONVERSION = YES_AGGRESSIVE;
				CLANG_CXX_LANGUAGE_STANDARD = "gnu++0x";
				CLANG_CXX_LIBRARY = "libc++";
				CLANG_ENABLE_MODULES = YES;
				CLANG_ENABLE_OBJC_ARC = YES;
				CLANG_WARN_BOOL_CONVERSION = YES;
				CLANG_WARN_CONSTANT_CONVERSION = YES;
				CLANG_WARN_DIRECT_OBJC_ISA_USAGE = YES_ERROR;
				CLANG_WARN_DOCUMENTATION_COMMENTS = YES;
				CLANG_WARN_EMPTY_BODY = YES;
				CLANG_WARN_ENUM_CONVERSION = YES;
				CLANG_WARN_INFINITE_RECURSION = YES;
				CLANG_WARN_INT_CONVERSION = YES;
				CLANG_WARN_OBJC_ROOT_CLASS = YES_ERROR;
				CLANG_WARN_SUSPICIOUS_MOVE = YES;
				CLANG_WARN_UNREACHABLE_CODE = YES;
				CLANG_WARN__DUPLICATE_METHOD_MATCH = YES;
				"CODE_SIGN_IDENTITY[sdk=iphoneos*]" = "iPhone Developer";
				COPY_PHASE_STRIP = NO;
				DEBUG_INFORMATION_FORMAT = "dwarf-with-dsym";
				ENABLE_NS_ASSERTIONS = NO;
				ENABLE_STRICT_OBJC_MSGSEND = YES;
				GCC_C_LANGUAGE_STANDARD = gnu99;
				GCC_NO_COMMON_BLOCKS = YES;
				GCC_WARN_64_TO_32_BIT_CONVERSION = YES;
				GCC_WARN_ABOUT_RETURN_TYPE = YES_ERROR;
				GCC_WARN_UNDECLARED_SELECTOR = YES;
				GCC_WARN_UNINITIALIZED_AUTOS = YES_AGGRESSIVE;
				GCC_WARN_UNUSED_FUNCTION = YES;
				GCC_WARN_UNUSED_VARIABLE = YES;
				IPHONEOS_DEPLOYMENT_TARGET = 10.3;
				MTL_ENABLE_DEBUG_INFO = NO;
				SDKROOT = iphoneos;
				VALIDATE_PRODUCT = YES;
			};
			name = Release;
		};
		9542F0991EB58A670085D392 /* Debug */ = {
			isa = XCBuildConfiguration;
			buildSettings = {
				ASSETCATALOG_COMPILER_APPICON_NAME = AppIcon;
				ASSETCATALOG_COMPILER_LAUNCHIMAGE_NAME = LaunchImage;
				DEVELOPMENT_TEAM = X65GN27YEQ;
				INFOPLIST_FILE = QQMusic/Info.plist;
				LD_RUNPATH_SEARCH_PATHS = "$(inherited) @executable_path/Frameworks";
				PRODUCT_BUNDLE_IDENTIFIER = LC.QQMusic;
				PRODUCT_NAME = "$(TARGET_NAME)";
			};
			name = Debug;
		};
		9542F09A1EB58A670085D392 /* Release */ = {
			isa = XCBuildConfiguration;
			buildSettings = {
				ASSETCATALOG_COMPILER_APPICON_NAME = AppIcon;
				ASSETCATALOG_COMPILER_LAUNCHIMAGE_NAME = LaunchImage;
				DEVELOPMENT_TEAM = X65GN27YEQ;
				INFOPLIST_FILE = QQMusic/Info.plist;
				LD_RUNPATH_SEARCH_PATHS = "$(inherited) @executable_path/Frameworks";
				PRODUCT_BUNDLE_IDENTIFIER = LC.QQMusic;
				PRODUCT_NAME = "$(TARGET_NAME)";
			};
			name = Release;
		};
/* End XCBuildConfiguration section */

/* Begin XCConfigurationList section */
		9542F07C1EB58A670085D392 /* Build configuration list for PBXProject "QQMusic" */ = {
			isa = XCConfigurationList;
			buildConfigurations = (
				9542F0961EB58A670085D392 /* Debug */,
				9542F0971EB58A670085D392 /* Release */,
			);
			defaultConfigurationIsVisible = 0;
			defaultConfigurationName = Release;
		};
		9542F0981EB58A670085D392 /* Build configuration list for PBXNativeTarget "QQMusic" */ = {
			isa = XCConfigurationList;
			buildConfigurations = (
				9542F0991EB58A670085D392 /* Debug */,
				9542F09A1EB58A670085D392 /* Release */,
			);
			defaultConfigurationIsVisible = 0;
			defaultConfigurationName = Release;
		};
/* End XCConfigurationList section */
	};
	rootObject = 9542F0791EB58A670085D392 /* Project object */;
}
